{
  "requires": true,
  "lockfileVersion": 1,
  "dependencies": {
    "vue-infinite-loading": {
      "version": "2.4.3",
      "resolved": "https://registry.npmjs.org/vue-infinite-loading/-/vue-infinite-loading-2.4.3.tgz",
      "integrity": "sha512-CKITl7I1cb3X4zIHbVSyrupPTs9XxZGVV/N+P5lSxSrGW+D92gq6zuTy/XnvJOwMRkjJuiotJAQrgv+gOwSx3g=="
    }
  }
}
